
Microsoft Visual Studio Solution File, Format Version 12.00
# Visual Studio Version 17
VisualStudioVersion = 17.0.31903.59
MinimumVisualStudioVersion = 10.0.40219.1
Project("{FAE04EC0-301F-11D3-BF4B-00C04F79EFBC}") = "Persistence.Logic", "Persistence.Logic\Persistence.Logic.csproj", "{5D501957-CE1A-40EC-93AC-39D3CFE51389}"
EndProject
Project("{FAE04EC0-301F-11D3-BF4B-00C04F79EFBC}") = "Persistence.Tests", "Persistence.Tests\Persistence.Tests.csproj", "{BA5AB805-1F7A-44CF-924A-8474090D529F}"
EndProject
Project("{FAE04EC0-301F-11D3-BF4B-00C04F79EFBC}") = "Persistence.ConsoleUI", "Persistence.ConsoleUI\Persistence.ConsoleUI.csproj", "{74E3FF0B-C5E2-46F8-912F-47110D5C0D31}"
EndProject
Project("{FAE04EC0-301F-11D3-BF4B-00C04F79EFBC}") = "Persistence.WebUI", "Persistence.WebUI\Persistence.WebUI.csproj", "{201F7744-7573-4D0D-B9D0-1602DC24BD98}"
EndProject
Global
	GlobalSection(SolutionConfigurationPlatforms) = preSolution
		Debug|Any CPU = Debug|Any CPU
		Debug|x64 = Debug|x64
		Debug|x86 = Debug|x86
		Release|Any CPU = Release|Any CPU
		Release|x64 = Release|x64
		Release|x86 = Release|x86
	EndGlobalSection
	GlobalSection(ProjectConfigurationPlatforms) = postSolution
		{5D501957-CE1A-40EC-93AC-39D3CFE51389}.Debug|Any CPU.ActiveCfg = Debug|Any CPU
		{5D501957-CE1A-40EC-93AC-39D3CFE51389}.Debug|Any CPU.Build.0 = Debug|Any CPU
		{5D501957-CE1A-40EC-93AC-39D3CFE51389}.Debug|x64.ActiveCfg = Debug|Any CPU
		{5D501957-CE1A-40EC-93AC-39D3CFE51389}.Debug|x64.Build.0 = Debug|Any CPU
		{5D501957-CE1A-40EC-93AC-39D3CFE51389}.Debug|x86.ActiveCfg = Debug|Any CPU
		{5D501957-CE1A-40EC-93AC-39D3CFE51389}.Debug|x86.Build.0 = Debug|Any CPU
		{5D501957-CE1A-40EC-93AC-39D3CFE51389}.Release|Any CPU.ActiveCfg = Release|Any CPU
		{5D501957-CE1A-40EC-93AC-39D3CFE51389}.Release|Any CPU.Build.0 = Release|Any CPU
		{5D501957-CE1A-40EC-93AC-39D3CFE51389}.Release|x64.ActiveCfg = Release|Any CPU
		{5D501957-CE1A-40EC-93AC-39D3CFE51389}.Release|x64.Build.0 = Release|Any CPU
		{5D501957-CE1A-40EC-93AC-39D3CFE51389}.Release|x86.ActiveCfg = Release|Any CPU
		{5D501957-CE1A-40EC-93AC-39D3CFE51389}.Release|x86.Build.0 = Release|Any CPU
		{BA5AB805-1F7A-44CF-924A-8474090D529F}.Debug|Any CPU.ActiveCfg = Debug|Any CPU
		{BA5AB805-1F7A-44CF-924A-8474090D529F}.Debug|Any CPU.Build.0 = Debug|Any CPU
		{BA5AB805-1F7A-44CF-924A-8474090D529F}.Debug|x64.ActiveCfg = Debug|Any CPU
		{BA5AB805-1F7A-44CF-924A-8474090D529F}.Debug|x64.Build.0 = Debug|Any CPU
		{BA5AB805-1F7A-44CF-924A-8474090D529F}.Debug|x86.ActiveCfg = Debug|Any CPU
		{BA5AB805-1F7A-44CF-924A-8474090D529F}.Debug|x86.Build.0 = Debug|Any CPU
		{BA5AB805-1F7A-44CF-924A-8474090D529F}.Release|Any CPU.ActiveCfg = Release|Any CPU
		{BA5AB805-1F7A-44CF-924A-8474090D529F}.Release|Any CPU.Build.0 = Release|Any CPU
		{BA5AB805-1F7A-44CF-924A-8474090D529F}.Release|x64.ActiveCfg = Release|Any CPU
		{BA5AB805-1F7A-44CF-924A-8474090D529F}.Release|x64.Build.0 = Release|Any CPU
		{BA5AB805-1F7A-44CF-924A-8474090D529F}.Release|x86.ActiveCfg = Release|Any CPU
		{BA5AB805-1F7A-44CF-924A-8474090D529F}.Release|x86.Build.0 = Release|Any CPU
		{74E3FF0B-C5E2-46F8-912F-47110D5C0D31}.Debug|Any CPU.ActiveCfg = Debug|Any CPU
		{74E3FF0B-C5E2-46F8-912F-47110D5C0D31}.Debug|Any CPU.Build.0 = Debug|Any CPU
		{74E3FF0B-C5E2-46F8-912F-47110D5C0D31}.Debug|x64.ActiveCfg = Debug|Any CPU
		{74E3FF0B-C5E2-46F8-912F-47110D5C0D31}.Debug|x64.Build.0 = Debug|Any CPU
		{74E3FF0B-C5E2-46F8-912F-47110D5C0D31}.Debug|x86.ActiveCfg = Debug|Any CPU
		{74E3FF0B-C5E2-46F8-912F-47110D5C0D31}.Debug|x86.Build.0 = Debug|Any CPU
		{74E3FF0B-C5E2-46F8-912F-47110D5C0D31}.Release|Any CPU.ActiveCfg = Release|Any CPU
		{74E3FF0B-C5E2-46F8-912F-47110D5C0D31}.Release|Any CPU.Build.0 = Release|Any CPU
		{74E3FF0B-C5E2-46F8-912F-47110D5C0D31}.Release|x64.ActiveCfg = Release|Any CPU
		{74E3FF0B-C5E2-46F8-912F-47110D5C0D31}.Release|x64.Build.0 = Release|Any CPU
		{74E3FF0B-C5E2-46F8-912F-47110D5C0D31}.Release|x86.ActiveCfg = Release|Any CPU
		{74E3FF0B-C5E2-46F8-912F-47110D5C0D31}.Release|x86.Build.0 = Release|Any CPU
		{201F7744-7573-4D0D-B9D0-1602DC24BD98}.Debug|Any CPU.ActiveCfg = Debug|Any CPU
		{201F7744-7573-4D0D-B9D0-1602DC24BD98}.Debug|Any CPU.Build.0 = Debug|Any CPU
		{201F7744-7573-4D0D-B9D0-1602DC24BD98}.Debug|x64.ActiveCfg = Debug|Any CPU
		{201F7744-7573-4D0D-B9D0-1602DC24BD98}.Debug|x64.Build.0 = Debug|Any CPU
		{201F7744-7573-4D0D-B9D0-1602DC24BD98}.Debug|x86.ActiveCfg = Debug|Any CPU
		{201F7744-7573-4D0D-B9D0-1602DC24BD98}.Debug|x86.Build.0 = Debug|Any CPU
		{201F7744-7573-4D0D-B9D0-1602DC24BD98}.Release|Any CPU.ActiveCfg = Release|Any CPU
		{201F7744-7573-4D0D-B9D0-1602DC24BD98}.Release|Any CPU.Build.0 = Release|Any CPU
		{201F7744-7573-4D0D-B9D0-1602DC24BD98}.Release|x64.ActiveCfg = Release|Any CPU
		{201F7744-7573-4D0D-B9D0-1602DC24BD98}.Release|x64.Build.0 = Release|Any CPU
		{201F7744-7573-4D0D-B9D0-1602DC24BD98}.Release|x86.ActiveCfg = Release|Any CPU
		{201F7744-7573-4D0D-B9D0-1602DC24BD98}.Release|x86.Build.0 = Release|Any CPU
	EndGlobalSection
	GlobalSection(SolutionProperties) = preSolution
		HideSolutionNode = FALSE
	EndGlobalSection
EndGlobal
